# THIS IS AN AUTOGENERATED FILE. DO NOT EDIT THIS FILE DIRECTLY.
# yarn lockfile v1


"@babel/runtime@^7.0.0", "@babel/runtime@^7.1.2", "@babel/runtime@^7.6.3":
  version "7.8.4"
  resolved "https://registry.yarnpkg.com/@babel/runtime/-/runtime-7.8.4.tgz#d79f5a2040f7caa24d53e563aad49cbc05581308"
  integrity sha512-neAp3zt80trRVBI1x0azq6c57aNBqYZH8KhMm3TaB7wEI5Q4A2SHfBHE8w9gOhI/lrqxtEbXZgQIrHP+wvSGwQ==
  dependencies:
    regenerator-runtime "^0.13.2"

attr-accept@^1.1.3:
  version "1.1.3"
  resolved "https://registry.yarnpkg.com/attr-accept/-/attr-accept-1.1.3.tgz#48230c79f93790ef2775fcec4f0db0f5db41ca52"
  integrity sha512-iT40nudw8zmCweivz6j58g+RT33I4KbaIvRUhjNmDwO2WmsQUxFEZZYZ5w3vXe5x5MX9D7mfvA/XaLOZYFR9EQ==
  dependencies:
    core-js "^2.5.0"

babel-runtime@^6.26.0:
  version "6.26.0"
  resolved "https://registry.yarnpkg.com/babel-runtime/-/babel-runtime-6.26.0.tgz#965c7058668e82b55d7bfe04ff2337bc8b5647fe"
  integrity sha1-llxwWGaOgrVde/4E/yM3vItWR/4=
  dependencies:
    core-js "^2.4.0"
    regenerator-runtime "^0.11.0"

balanced-match@^1.0.0:
  version "1.0.0"
  resolved "https://registry.yarnpkg.com/balanced-match/-/balanced-match-1.0.0.tgz#89b4d199ab2bee49de164ea02b89ce462d71b767"
  integrity sha1-ibTRmasr7kneFk6gK4nORi1xt2c=

baseui@latest:
  version "9.56.0"
  resolved "https://registry.yarnpkg.com/baseui/-/baseui-9.56.0.tgz#4eb82e7099998117c342ec92033b1f868ef4b6e9"
  integrity sha512-6KnHcZSoEP10i7zQPFCJxVju8Z9g8A0L1WLrzvYhu4Lz3MncmkaLnEkTNEGtZYumDDeiBCGgHK6G0XZwjVd2WA==
  dependencies:
    card-validator "^6.2.0"
    date-fns "^2.6.0"
    glob "^7.1.6"
    just-extend "^4.0.2"
    memoize-one "^5.1.1"
    polished "^3.2.0"
    popper.js "^1.16.0"
    react-dropzone "^9.0.0"
    react-focus-lock "^2.2.1"
    react-input-mask "^2.0.4"
    react-is "^16.8.6"
    react-movable "^2.4.0"
    react-multi-ref "^1.0.0"
    react-range "^1.5.1"
    react-virtualized "^9.21.1"
    react-virtualized-auto-sizer "^1.0.2"
    react-window "^1.8.5"
    timezone-support "^2.0.2"

brace-expansion@^1.1.7:
  version "1.1.11"
  resolved "https://registry.yarnpkg.com/brace-expansion/-/brace-expansion-1.1.11.tgz#3c7fcbf529d87226f3d2f52b966ff5271eb441dd"
  integrity sha512-iCuPHDFgrHX7H2vEI/5xpz07zSHB00TpugqhmYtVmMO6518mCuRMoOYFldEBl0g187ufozdaHgWKcYFb61qGiA==
  dependencies:
    balanced-match "^1.0.0"
    concat-map "0.0.1"

card-validator@^6.2.0:
  version "6.2.0"
  resolved "https://registry.yarnpkg.com/card-validator/-/card-validator-6.2.0.tgz#59037c6480df5786473cab720f165ba868560e0b"
  integrity sha512-1vYv45JaE9NmixZr4dl6ykzbFKv7imI9L7MQDs235b/a7EGbG8rrEsipeHtVvscLSUbl3RX6UP5gyOe0Y2FlHA==
  dependencies:
    credit-card-type "^8.0.0"

clsx@^1.0.1:
  version "1.1.0"
  resolved "https://registry.yarnpkg.com/clsx/-/clsx-1.1.0.tgz#62937c6adfea771247c34b54d320fb99624f5702"
  integrity sha512-3avwM37fSK5oP6M5rQ9CNe99lwxhXDOeSWVPAOYF6OazUTgZCMb0yWlJpmdD74REy1gkEaFiub2ULv4fq9GUhA==

commander@2.20.0:
  version "2.20.0"
  resolved "https://registry.yarnpkg.com/commander/-/commander-2.20.0.tgz#d58bb2b5c1ee8f87b0d340027e9e94e222c5a422"
  integrity sha512-7j2y+40w61zy6YC2iRNpUe/NwhNyoXrYpHMrSunaMG64nRnaf96zO/KMQR4OyN/UnE5KLyEBnKHd4aG3rskjpQ==

concat-map@0.0.1:
  version "0.0.1"
  resolved "https://registry.yarnpkg.com/concat-map/-/concat-map-0.0.1.tgz#d8a96bd77fd68df7793a73036a3ba0d5405d477b"
  integrity sha1-2Klr13/Wjfd5OnMDajug1UBdR3s=

core-js@^2.4.0, core-js@^2.5.0:
  version "2.6.11"
  resolved "https://registry.yarnpkg.com/core-js/-/core-js-2.6.11.tgz#38831469f9922bded8ee21c9dc46985e0399308c"
  integrity sha512-5wjnpaT/3dV+XB4borEsnAYQchn00XSgTAWKDkEqv+K8KevjbzmofK6hfJ9TZIlpj2N0xQpazy7PiRQiWHqzWg==

credit-card-type@^8.0.0:
  version "8.3.0"
  resolved "https://registry.yarnpkg.com/credit-card-type/-/credit-card-type-8.3.0.tgz#f93c187c9362411544158c91d552efcc443aa87a"
  integrity sha512-czfZUpQ7W9CDxZL4yFLb1kFtM/q2lTOY975hL2aO+DC8+GRNDVSXVCHXhVFZPxiUKmQCZbFP8vIhxx5TBQaThw==

csstype@^2.6.7:
  version "2.6.9"
  resolved "https://registry.yarnpkg.com/csstype/-/csstype-2.6.9.tgz#05141d0cd557a56b8891394c1911c40c8a98d098"
  integrity sha512-xz39Sb4+OaTsULgUERcCk+TJj8ylkL4aSVDQiX/ksxbELSqwkgt4d4RD7fovIdgJGSuNYqwZEiVjYY5l0ask+Q==

date-fns@^2.6.0:
  version "2.9.0"
  resolved "https://registry.yarnpkg.com/date-fns/-/date-fns-2.9.0.tgz#d0b175a5c37ed5f17b97e2272bbc1fa5aec677d2"
  integrity sha512-khbFLu/MlzLjEzy9Gh8oY1hNt/Dvxw3J6Rbc28cVoYWQaC1S3YI4xwkF9ZWcjDLscbZlY9hISMr66RFzZagLsA==

detect-node@^2.0.4:
  version "2.0.4"
  resolved "https://registry.yarnpkg.com/detect-node/-/detect-node-2.0.4.tgz#014ee8f8f669c5c58023da64b8179c083a28c46c"
  integrity sha512-ZIzRpLJrOj7jjP2miAtgqIfmzbxa4ZOr5jJc601zklsfEx9oTzmmj2nVpIPRpNlRTIh8lc1kyViIY7BWSGNmKw==

dom-helpers@^5.0.0:
  version "5.1.3"
  resolved "https://registry.yarnpkg.com/dom-helpers/-/dom-helpers-5.1.3.tgz#7233248eb3a2d1f74aafca31e52c5299cc8ce821"
  integrity sha512-nZD1OtwfWGRBWlpANxacBEZrEuLa16o1nh7YopFWeoF68Zt8GGEmzHu6Xv4F3XaFIC+YXtTLrzgqKxFgLEe4jw==
  dependencies:
    "@babel/runtime" "^7.6.3"
    csstype "^2.6.7"

file-selector@^0.1.8:
  version "0.1.12"
  resolved "https://registry.yarnpkg.com/file-selector/-/file-selector-0.1.12.tgz#fe726547be219a787a9dcc640575a04a032b1fd0"
  integrity sha512-Kx7RTzxyQipHuiqyZGf+Nz4vY9R1XGxuQl/hLoJwq+J4avk/9wxxgZyHKtbyIPJmbD4A66DWGYfyykWNpcYutQ==
  dependencies:
    tslib "^1.9.0"

flow-bin@0.110:
  version "0.110.1"
  resolved "https://registry.yarnpkg.com/flow-bin/-/flow-bin-0.110.1.tgz#24ac70bf0871a5d6bc181ba99801ded4d5e3b442"
  integrity sha512-6FhvNKNvPQ523mx7sqNxTQvI/HgAWa/pbIsQuCst53qRqs387EFfYqgm4I3Zae5HLaVFacBwgWKmjKd92vf19w==

focus-lock@^0.6.6:
  version "0.6.6"
  resolved "https://registry.yarnpkg.com/focus-lock/-/focus-lock-0.6.6.tgz#98119a755a38cfdbeda0280eaa77e307eee850c7"
  integrity sha512-Dx69IXGCq1qsUExWuG+5wkiMqVM/zGx/reXSJSLogECwp3x6KeNQZ+NAetgxEFpnC41rD8U3+jRCW68+LNzdtw==

fs.realpath@^1.0.0:
  version "1.0.0"
  resolved "https://registry.yarnpkg.com/fs.realpath/-/fs.realpath-1.0.0.tgz#1504ad2523158caa40db4a2787cb01411994ea4f"
  integrity sha1-FQStJSMVjKpA20onh8sBQRmU6k8=

glob@^7.1.6:
  version "7.1.6"
  resolved "https://registry.yarnpkg.com/glob/-/glob-7.1.6.tgz#141f33b81a7c2492e125594307480c46679278a6"
  integrity sha512-LwaxwyZ72Lk7vZINtNNrywX0ZuLyStrdDtabefZKAY5ZGJhVtgdznluResxNmPitE0SAO+O26sWTHeKSI2wMBA==
  dependencies:
    fs.realpath "^1.0.0"
    inflight "^1.0.4"
    inherits "2"
    minimatch "^3.0.4"
    once "^1.3.0"
    path-is-absolute "^1.0.0"

inflight@^1.0.4:
  version "1.0.6"
  resolved "https://registry.yarnpkg.com/inflight/-/inflight-1.0.6.tgz#49bd6331d7d02d0c09bc910a1075ba8165b56df9"
  integrity sha1-Sb1jMdfQLQwJvJEKEHW6gWW1bfk=
  dependencies:
    once "^1.3.0"
    wrappy "1"

inherits@2:
  version "2.0.4"
  resolved "https://registry.yarnpkg.com/inherits/-/inherits-2.0.4.tgz#0fa2c64f932917c3433a0ded55363aae37416b7c"
  integrity sha512-k/vGaX4/Yla3WzyMCvTQOXYeIHvqOKtnqBduzTHpzpQZzAskKMhZ2K+EnBiSM9zGSoIFeMpXKxa4dYeZIQqewQ==

invariant@^2.2.4:
  version "2.2.4"
  resolved "https://registry.yarnpkg.com/invariant/-/invariant-2.2.4.tgz#610f3c92c9359ce1db616e538008d23ff35158e6"
  integrity sha512-phJfQVBuaJM5raOpJjSfkiD6BpbCE4Ns//LaXl6wGYtUBY83nWS6Rf9tXm2e8VaK60JEjYldbPif/A2B1C2gNA==
  dependencies:
    loose-envify "^1.0.0"

"js-tokens@^3.0.0 || ^4.0.0":
  version "4.0.0"
  resolved "https://registry.yarnpkg.com/js-tokens/-/js-tokens-4.0.0.tgz#19203fb59991df98e3a287050d4647cdeaf32499"
  integrity sha512-RdJUflcE3cUzKiMqQgsCu06FPu9UdIJO0beYbPhHN4k6apgJtifcoCtT9bcxOpYBtpD2kCM6Sbzg4CausW/PKQ==

just-extend@^4.0.2:
  version "4.0.2"
  resolved "https://registry.yarnpkg.com/just-extend/-/just-extend-4.0.2.tgz#f3f47f7dfca0f989c55410a7ebc8854b07108afc"
  integrity sha512-FrLwOgm+iXrPV+5zDU6Jqu4gCRXbWEQg2O3SKONsWE4w7AXFRkryS53bpWdaL9cNol+AmR3AEYz6kn+o0fCPnw==

loose-envify@^1.0.0, loose-envify@^1.3.0, loose-envify@^1.4.0:
  version "1.4.0"
  resolved "https://registry.yarnpkg.com/loose-envify/-/loose-envify-1.4.0.tgz#71ee51fa7be4caec1a63839f7e682d8132d30caf"
  integrity sha512-lyuxPGr/Wfhrlem2CL/UcnUc1zcqKAImBDzukY7Y5F/yQiNdko6+fRLevlw1HgMySw7f611UIY408EtxRSoK3Q==
  dependencies:
    js-tokens "^3.0.0 || ^4.0.0"

"memoize-one@>=3.1.1 <6", memoize-one@^5.1.1:
  version "5.1.1"
  resolved "https://registry.yarnpkg.com/memoize-one/-/memoize-one-5.1.1.tgz#047b6e3199b508eaec03504de71229b8eb1d75c0"
  integrity sha512-HKeeBpWvqiVJD57ZUAsJNm71eHTykffzcLZVYWiVfQeI1rJtuEaS7hQiEpWfVVk18donPwJEcFKIkCmPJNOhHA==

minimatch@^3.0.4:
  version "3.0.4"
  resolved "https://registry.yarnpkg.com/minimatch/-/minimatch-3.0.4.tgz#5166e286457f03306064be5497e8dbb0c3d32083"
  integrity sha512-yJHVQEhyqPLUTgt9B83PXu6W3rx4MvvHvSUvToogpwoGDOUQ+yDrR0HRot+yOCdCO7u4hX3pWft6kWBBcqh0UA==
  dependencies:
    brace-expansion "^1.1.7"

object-assign@^4.1.1:
  version "4.1.1"
  resolved "https://registry.yarnpkg.com/object-assign/-/object-assign-4.1.1.tgz#2109adc7965887cfc05cbbd442cac8bfbb360863"
  integrity sha1-IQmtx5ZYh8/AXLvUQsrIv7s2CGM=

once@^1.3.0:
  version "1.4.0"
  resolved "https://registry.yarnpkg.com/once/-/once-1.4.0.tgz#583b1aa775961d4b113ac17d9c50baef9dd76bd1"
  integrity sha1-WDsap3WWHUsROsF9nFC6753Xa9E=
  dependencies:
    wrappy "1"

path-is-absolute@^1.0.0:
  version "1.0.1"
  resolved "https://registry.yarnpkg.com/path-is-absolute/-/path-is-absolute-1.0.1.tgz#174b9268735534ffbc7ace6bf53a5a9e1b5c5f5f"
  integrity sha1-F0uSaHNVNP+8es5r9TpanhtcX18=

polished@^3.2.0:
  version "3.4.4"
  resolved "https://registry.yarnpkg.com/polished/-/polished-3.4.4.tgz#ac8cd6e704887398f3b802718f9d389b9ea4307b"
  integrity sha512-x9PKeExyI9AhWrJP3Q57I1k7GInujjiVBJMPFmycj9hX1yCOo/X9eu9eZwxgOziiXge3WbFQ5XOmkzunOntBSA==
  dependencies:
    "@babel/runtime" "^7.6.3"

popper.js@^1.16.0:
  version "1.16.1"
  resolved "https://registry.yarnpkg.com/popper.js/-/popper.js-1.16.1.tgz#2a223cb3dc7b6213d740e40372be40de43e65b1b"
  integrity sha512-Wb4p1J4zyFTbM+u6WuO4XstYx4Ky9Cewe4DWrel7B0w6VVICvPwdOpotjzcf6eD8TsckVnIMNONQyPIUFOUbCQ==

prop-types-extra@^1.1.0:
  version "1.1.1"
  resolved "https://registry.yarnpkg.com/prop-types-extra/-/prop-types-extra-1.1.1.tgz#58c3b74cbfbb95d304625975aa2f0848329a010b"
  integrity sha512-59+AHNnHYCdiC+vMwY52WmvP5dM3QLeoumYuEyceQDi9aEhtwN9zIQ2ZNo25sMyXnbh32h+P1ezDsUpUH3JAew==
  dependencies:
    react-is "^16.3.2"
    warning "^4.0.0"

prop-types@^15.6.0, prop-types@^15.6.2:
  version "15.7.2"
  resolved "https://registry.yarnpkg.com/prop-types/-/prop-types-15.7.2.tgz#52c41e75b8c87e72b9d9360e0206b99dcbffa6c5"
  integrity sha512-8QQikdH7//R2vurIJSutZ1smHYTcLpRWEOlHnzcWHmBYrOGUysKwSsrC89BCiFj3CbrfJ/nXFdJepOVrY1GCHQ==
  dependencies:
    loose-envify "^1.4.0"
    object-assign "^4.1.1"
    react-is "^16.8.1"

react-clientside-effect@^1.2.2:
  version "1.2.2"
  resolved "https://registry.yarnpkg.com/react-clientside-effect/-/react-clientside-effect-1.2.2.tgz#6212fb0e07b204e714581dd51992603d1accc837"
  integrity sha512-nRmoyxeok5PBO6ytPvSjKp9xwXg9xagoTK1mMjwnQxqM9Hd7MNPl+LS1bOSOe+CV2+4fnEquc7H/S8QD3q697A==
  dependencies:
    "@babel/runtime" "^7.0.0"

react-dropzone@^9.0.0:
  version "9.0.0"
  resolved "https://registry.yarnpkg.com/react-dropzone/-/react-dropzone-9.0.0.tgz#4f5223cdcb4d3bd8a66e3298c4041eb0c75c4634"
  integrity sha512-wZ2o9B2qkdE3RumWhfyZT9swgJYJPeU5qHEcMU8weYpmLex1eeWX0CC32/Y0VutB+BBi2D+iePV/YZIiB4kZGw==
  dependencies:
    attr-accept "^1.1.3"
    file-selector "^0.1.8"
    prop-types "^15.6.2"
    prop-types-extra "^1.1.0"

react-focus-lock@^2.2.1:
  version "2.2.1"
  resolved "https://registry.yarnpkg.com/react-focus-lock/-/react-focus-lock-2.2.1.tgz#1d12887416925dc53481914b7cedd39494a3b24a"
  integrity sha512-47g0xYcCTZccdzKRGufepY8oZ3W1Qg+2hn6u9SHZ0zUB6uz/4K4xJe7yYFNZ1qT6m+2JDm82F6QgKeBTbjW4PQ==
  dependencies:
    "@babel/runtime" "^7.0.0"
    focus-lock "^0.6.6"
    prop-types "^15.6.2"
    react-clientside-effect "^1.2.2"
    use-callback-ref "^1.2.1"
    use-sidecar "^1.0.1"

react-input-mask@^2.0.4:
  version "2.0.4"
  resolved "https://registry.yarnpkg.com/react-input-mask/-/react-input-mask-2.0.4.tgz#9ade5cf8196f4a856dbf010820fe75a795f3eb14"
  integrity sha512-1hwzMr/aO9tXfiroiVCx5EtKohKwLk/NT8QlJXHQ4N+yJJFyUuMT+zfTpLBwX/lK3PkuMlievIffncpMZ3HGRQ==
  dependencies:
    invariant "^2.2.4"
    warning "^4.0.2"

react-is@^16.3.2, react-is@^16.8.1, react-is@^16.8.6:
  version "16.12.0"
  resolved "https://registry.yarnpkg.com/react-is/-/react-is-16.12.0.tgz#2cc0fe0fba742d97fd527c42a13bec4eeb06241c"
  integrity sha512-rPCkf/mWBtKc97aLL9/txD8DZdemK0vkA3JMLShjlJB3Pj3s+lpf1KaBzMfQrAmhMQB0n1cU/SUGgKKBCe837Q==

react-lifecycles-compat@^3.0.4:
  version "3.0.4"
  resolved "https://registry.yarnpkg.com/react-lifecycles-compat/-/react-lifecycles-compat-3.0.4.tgz#4f1a273afdfc8f3488a8c516bfda78f872352362"
  integrity sha512-fBASbA6LnOU9dOU2eW7aQ8xmYBSXUIWr+UmF9b1efZBazGNO+rcXT/icdKnYm2pTwcRylVUYwW7H1PHfLekVzA==

react-movable@^2.4.0:
  version "2.4.0"
  resolved "https://registry.yarnpkg.com/react-movable/-/react-movable-2.4.0.tgz#c3fb46ca204f9899a72d300ed052679008b315e3"
  integrity sha512-xKOF7wbeRfAbjBzz+bmC0fs3h8DhOoJx/THDaXyLK1QxvgcERXKUvldHVoI8YajSalxLLfHZ/pYJl0QFXoc83A==

react-multi-ref@^1.0.0:
  version "1.0.0"
  resolved "https://registry.yarnpkg.com/react-multi-ref/-/react-multi-ref-1.0.0.tgz#6075731f82666ce9b59fa1a2763e8bb534202e7e"
  integrity sha512-LJuQXEabnv8JLcvcWeJcTogxG4eXVFiPfQ9CECuwWUbfJdrVpPf13m9RxmImyJS0J99BWokGn7dlR1dR06XPDw==
  dependencies:
    "@babel/runtime" "^7.1.2"

react-range@^1.5.1:
  version "1.5.3"
  resolved "https://registry.yarnpkg.com/react-range/-/react-range-1.5.3.tgz#8f50fb810771bbeb39051148f29979ef463d3941"
  integrity sha512-+nTMlbFCb2D5ql3PKCALJG6kiUkP8U36nCpO0Vk9OSeYCHBKAgvxmumyEEANhUW5HT5A3zJUkF063XdQueJkfQ==

react-virtualized-auto-sizer@^1.0.2:
  version "1.0.2"
  resolved "https://registry.yarnpkg.com/react-virtualized-auto-sizer/-/react-virtualized-auto-sizer-1.0.2.tgz#a61dd4f756458bbf63bd895a92379f9b70f803bd"
  integrity sha512-MYXhTY1BZpdJFjUovvYHVBmkq79szK/k7V3MO+36gJkWGkrXKtyr4vCPtpphaTLRAdDNoYEYFZWE8LjN+PIHNg==

react-virtualized@^9.21.1:
  version "9.21.2"
  resolved "https://registry.yarnpkg.com/react-virtualized/-/react-virtualized-9.21.2.tgz#02e6df65c1e020c8dbf574ec4ce971652afca84e"
  integrity sha512-oX7I7KYiUM7lVXQzmhtF4Xg/4UA5duSA+/ZcAvdWlTLFCoFYq1SbauJT5gZK9cZS/wdYR6TPGpX/dqzvTqQeBA==
  dependencies:
    babel-runtime "^6.26.0"
    clsx "^1.0.1"
    dom-helpers "^5.0.0"
    loose-envify "^1.3.0"
    prop-types "^15.6.0"
    react-lifecycles-compat "^3.0.4"

react-window@^1.8.5:
  version "1.8.5"
  resolved "https://registry.yarnpkg.com/react-window/-/react-window-1.8.5.tgz#a56b39307e79979721021f5d06a67742ecca52d1"
  integrity sha512-HeTwlNa37AFa8MDZFZOKcNEkuF2YflA0hpGPiTT9vR7OawEt+GZbfM6wqkBahD3D3pUjIabQYzsnY/BSJbgq6Q==
  dependencies:
    "@babel/runtime" "^7.0.0"
    memoize-one ">=3.1.1 <6"

regenerator-runtime@^0.11.0:
  version "0.11.1"
  resolved "https://registry.yarnpkg.com/regenerator-runtime/-/regenerator-runtime-0.11.1.tgz#be05ad7f9bf7d22e056f9726cee5017fbf19e2e9"
  integrity sha512-MguG95oij0fC3QV3URf4V2SDYGJhJnJGqvIIgdECeODCT98wSWDAJ94SSuVpYQUoTcGUIL6L4yNB7j1DFFHSBg==

regenerator-runtime@^0.13.2:
  version "0.13.3"
  resolved "https://registry.yarnpkg.com/regenerator-runtime/-/regenerator-runtime-0.13.3.tgz#7cf6a77d8f5c6f60eb73c5fc1955b2ceb01e6bf5"
  integrity sha512-naKIZz2GQ8JWh///G7L3X6LaQUAMp2lvb1rvwwsURe/VXwD6VMfr+/1NuNw3ag8v2kY1aQ/go5SNn79O9JU7yw==

timezone-support@^2.0.2:
  version "2.0.2"
  resolved "https://registry.yarnpkg.com/timezone-support/-/timezone-support-2.0.2.tgz#801d6924478b1b60f09b90699ce1127a6044cbe7"
  integrity sha512-J/1PyHCX76vOPuJzCyHMQMH2wTjXCJ30R5EXaS/QTi+xYsL0thS0pubDrHCWnfG4zU1jpPJtctnBBRCOpcJZeQ==
  dependencies:
    commander "2.20.0"

tslib@^1.9.0, tslib@^1.9.3:
  version "1.11.0"
  resolved "https://registry.yarnpkg.com/tslib/-/tslib-1.11.0.tgz#f1f3528301621a53220d58373ae510ff747a66bc"
  integrity sha512-BmndXUtiTn/VDDrJzQE7Mm22Ix3PxgLltW9bSNLoeCY31gnG2OPx0QqJnuc9oMIKioYrz487i6K9o4Pdn0j+Kg==

use-callback-ref@^1.2.1:
  version "1.2.1"
  resolved "https://registry.yarnpkg.com/use-callback-ref/-/use-callback-ref-1.2.1.tgz#898759ccb9e14be6c7a860abafa3ffbd826c89bb"
  integrity sha512-C3nvxh0ZpaOxs9RCnWwAJ+7bJPwQI8LHF71LzbQ3BvzH5XkdtlkMadqElGevg5bYBDFip4sAnD4m06zAKebg1w==

use-sidecar@^1.0.1:
  version "1.0.2"
  resolved "https://registry.yarnpkg.com/use-sidecar/-/use-sidecar-1.0.2.tgz#e72f582a75842f7de4ef8becd6235a4720ad8af6"
  integrity sha512-287RZny6m5KNMTb/Kq9gmjafi7lQL0YHO1lYolU6+tY1h9+Z3uCtkJJ3OSOq3INwYf2hBryCcDh4520AhJibMA==
  dependencies:
    detect-node "^2.0.4"
    tslib "^1.9.3"

warning@^4.0.0, warning@^4.0.2:
  version "4.0.3"
  resolved "https://registry.yarnpkg.com/warning/-/warning-4.0.3.tgz#16e9e077eb8a86d6af7d64aa1e05fd85b4678ca3"
  integrity sha512-rpJyN222KWIvHJ/F53XSZv0Zl/accqHR8et1kpaMTD/fLCRxtV8iX8czMzY7sVZupTI3zcUTg8eycS2kNF9l6w==
  dependencies:
    loose-envify "^1.0.0"

wrappy@1:
  version "1.0.2"
  resolved "https://registry.yarnpkg.com/wrappy/-/wrappy-1.0.2.tgz#b5243d8f3ec1aa35f1364605bc0d1036e30ab69f"
  integrity sha1-tSQ9jz7BqjXxNkYFvA0QNuMKtp8=
